
Microsoft Visual Studio Solution File, Format Version 12.00
# Visual Studio Version 16
VisualStudioVersion = 16.0.29613.14
MinimumVisualStudioVersion = 10.0.40219.1
Project("{9A19103F-16F7-4668-BE54-9A1E7A4F7556}") = "ManyMethods", "ManyMethods\ManyMethods.csproj", "{693B117F-2536-4923-A924-CC2DF8632260}"
EndProject
Project("{9A19103F-16F7-4668-BE54-9A1E7A4F7556}") = "PigLatin", "PigLatin\PigLatin.csproj", "{2A05B1E1-FF05-4962-A271-5F342199D52F}"
EndProject
Project("{9A19103F-16F7-4668-BE54-9A1E7A4F7556}") = "RockPaperScissors", "RockPaperScissors\RockPaperScissors.csproj", "{C5E283B8-B6C5-4884-B97B-5A0CD3CA8FCA}"
EndProject
Project("{9A19103F-16F7-4668-BE54-9A1E7A4F7556}") = "ticTacToe", "ticTacToe\ticTacToe.csproj", "{AB336B30-F75C-41F6-A6DA-BA4EAB51CE44}"
EndProject
Project("{9A19103F-16F7-4668-BE54-9A1E7A4F7556}") = "FizzBuzz", "FizzBuzz\FizzBuzz.csproj", "{AB6DFDD0-D46A-4A5C-A7E2-9EDE0C799ED7}"
EndProject
Project("{9A19103F-16F7-4668-BE54-9A1E7A4F7556}") = "Denominations", "Denominations\Denominations.csproj", "{2E007237-55C9-409C-82F6-AA83C5004F44}"
EndProject
Project("{9A19103F-16F7-4668-BE54-9A1E7A4F7556}") = "MasterMind", "MasterMind\MasterMind.csproj", "{67F36433-0F83-4E0E-827C-ADEF6EABB871}"
EndProject
Project("{9A19103F-16F7-4668-BE54-9A1E7A4F7556}") = "scratchpad", "scratchpad\scratchpad.csproj", "{61F3EFD3-1FB5-4885-A659-CB3F28CBEE91}"
EndProject
Project("{9A19103F-16F7-4668-BE54-9A1E7A4F7556}") = "UniqueCharacters", "UniqueCharacters\UniqueCharacters.csproj", "{F0EF9DB0-7F5C-488B-BD9D-9C5F2D796162}"
EndProject
Project("{9A19103F-16F7-4668-BE54-9A1E7A4F7556}") = "LongestWord", "LongestWord\LongestWord.csproj", "{E255B78D-BB2F-420F-B3C9-A678D09A78A3}"
EndProject
Project("{9A19103F-16F7-4668-BE54-9A1E7A4F7556}") = "Gradebook", "Gradebook\Gradebook.csproj", "{AAC2BE75-96B7-45D9-828E-E9065200EF58}"
EndProject
Project("{9A19103F-16F7-4668-BE54-9A1E7A4F7556}") = "TowersOfHanoi", "TowersOfHanoi\TowersOfHanoi.csproj", "{0E43954F-7780-413F-8CD3-40825E80D0BE}"
EndProject
Project("{9A19103F-16F7-4668-BE54-9A1E7A4F7556}") = "PoCos", "PoCos\PoCos.csproj", "{FE80AA6B-A564-491E-BF29-9F933439ED99}"
EndProject
Project("{9A19103F-16F7-4668-BE54-9A1E7A4F7556}") = "ToDoItem", "ToDoItem\ToDoItem.csproj", "{D5C2C97F-8724-4188-948A-F7E76540A2EC}"
EndProject
Project("{9A19103F-16F7-4668-BE54-9A1E7A4F7556}") = "UnsortedScores", "UnsortedScores\UnsortedScores.csproj", "{C49357FB-F1E4-402F-84A5-F8170570D93F}"
EndProject
Project("{9A19103F-16F7-4668-BE54-9A1E7A4F7556}") = "ReverseOrder", "ReverseOrder\ReverseOrder.csproj", "{96396117-CD0F-44D6-BED6-1671AD252F3A}"
EndProject
Project("{2150E333-8FDC-42A3-9474-1A3956D46DE8}") = "Week5", "Week5", "{5E8778E3-FA59-46C9-B792-4AA3F2A26E6D}"
EndProject
Project("{9A19103F-16F7-4668-BE54-9A1E7A4F7556}") = "Points", "Points\Points.csproj", "{BA0719CF-2A23-4658-8AF9-DACADD344D7E}"
EndProject
Project("{9A19103F-16F7-4668-BE54-9A1E7A4F7556}") = "SuperHeroesVillains", "SuperHeroesVillains\SuperHeroesVillains.csproj", "{BD98EA90-6733-478F-B7E8-7474BDE280DF}"
EndProject
Project("{9A19103F-16F7-4668-BE54-9A1E7A4F7556}") = "CarLot", "CarLot\CarLot.csproj", "{2E2D9423-E92F-4A50-BF08-DC74CB60C4D7}"
EndProject
Project("{9A19103F-16F7-4668-BE54-9A1E7A4F7556}") = "palindrome", "palindrome\palindrome.csproj", "{FDCA3E0D-B99F-40D0-A9BC-69178616EA00}"
EndProject
Project("{2150E333-8FDC-42A3-9474-1A3956D46DE8}") = "Week6", "Week6", "{AB99D21E-964B-49F6-812F-007E02FFD213}"
EndProject
Project("{9A19103F-16F7-4668-BE54-9A1E7A4F7556}") = "IRentable", "IRentable\IRentable.csproj", "{D5752DF6-F49B-481A-A1E9-BAB431650E16}"
EndProject
Project("{9A19103F-16F7-4668-BE54-9A1E7A4F7556}") = "CheckerV4", "CheckerV4\CheckerV4.csproj", "{1042091D-0BAE-4A14-90D8-2D2E3AF21CB1}"
EndProject
Project("{2150E333-8FDC-42A3-9474-1A3956D46DE8}") = "Week7", "Week7", "{B3729CD2-56BF-470A-8A6B-7877516215C1}"
EndProject
Project("{9A19103F-16F7-4668-BE54-9A1E7A4F7556}") = "BooksDatabase", "BooksDatabase\BooksDatabase.csproj", "{2820FA91-91F9-473F-B69E-3F2BA40DABAF}"
EndProject
Project("{9A19103F-16F7-4668-BE54-9A1E7A4F7556}") = "BookInventory", "BookInventory\BookInventory.csproj", "{ACAC6F7B-EFDF-48DB-AE9E-619F8C66FE35}"
EndProject
Project("{2150E333-8FDC-42A3-9474-1A3956D46DE8}") = "Week8", "Week8", "{B9CCBEEE-02D4-495B-BF6D-9B624C38A162}"
EndProject
Project("{9A19103F-16F7-4668-BE54-9A1E7A4F7556}") = "ToDoApp", "ToDoApp\ToDoApp.csproj", "{2EDEE236-0205-4DDC-81BC-39B4ABB97CEE}"
EndProject
Project("{FAE04EC0-301F-11D3-BF4B-00C04F79EFBC}") = "Fibonacci", "Fibonacci\Fibonacci.csproj", "{FFED1D6F-8C23-4499-B252-825AF0296D88}"
EndProject
Project("{FAE04EC0-301F-11D3-BF4B-00C04F79EFBC}") = "NaturalNumbers", "NaturalNumbers\NaturalNumbers.csproj", "{7EE53EC9-03C3-46E7-8A78-95BCBDDE894E}"
EndProject
Project("{FAE04EC0-301F-11D3-BF4B-00C04F79EFBC}") = "MergeSort", "MergeSort\MergeSort.csproj", "{54CB2BD4-CF3B-4D4F-9EFE-58366341F7E6}"
EndProject
Global
	GlobalSection(SolutionConfigurationPlatforms) = preSolution
		Debug|Any CPU = Debug|Any CPU
		Release|Any CPU = Release|Any CPU
	EndGlobalSection
	GlobalSection(ProjectConfigurationPlatforms) = postSolution
		{693B117F-2536-4923-A924-CC2DF8632260}.Debug|Any CPU.ActiveCfg = Debug|Any CPU
		{693B117F-2536-4923-A924-CC2DF8632260}.Debug|Any CPU.Build.0 = Debug|Any CPU
		{693B117F-2536-4923-A924-CC2DF8632260}.Release|Any CPU.ActiveCfg = Release|Any CPU
		{693B117F-2536-4923-A924-CC2DF8632260}.Release|Any CPU.Build.0 = Release|Any CPU
		{2A05B1E1-FF05-4962-A271-5F342199D52F}.Debug|Any CPU.ActiveCfg = Debug|Any CPU
		{2A05B1E1-FF05-4962-A271-5F342199D52F}.Debug|Any CPU.Build.0 = Debug|Any CPU
		{2A05B1E1-FF05-4962-A271-5F342199D52F}.Release|Any CPU.ActiveCfg = Release|Any CPU
		{2A05B1E1-FF05-4962-A271-5F342199D52F}.Release|Any CPU.Build.0 = Release|Any CPU
		{C5E283B8-B6C5-4884-B97B-5A0CD3CA8FCA}.Debug|Any CPU.ActiveCfg = Debug|Any CPU
		{C5E283B8-B6C5-4884-B97B-5A0CD3CA8FCA}.Debug|Any CPU.Build.0 = Debug|Any CPU
		{C5E283B8-B6C5-4884-B97B-5A0CD3CA8FCA}.Release|Any CPU.ActiveCfg = Release|Any CPU
		{C5E283B8-B6C5-4884-B97B-5A0CD3CA8FCA}.Release|Any CPU.Build.0 = Release|Any CPU
		{AB336B30-F75C-41F6-A6DA-BA4EAB51CE44}.Debug|Any CPU.ActiveCfg = Debug|Any CPU
		{AB336B30-F75C-41F6-A6DA-BA4EAB51CE44}.Debug|Any CPU.Build.0 = Debug|Any CPU
		{AB336B30-F75C-41F6-A6DA-BA4EAB51CE44}.Release|Any CPU.ActiveCfg = Release|Any CPU
		{AB336B30-F75C-41F6-A6DA-BA4EAB51CE44}.Release|Any CPU.Build.0 = Release|Any CPU
		{AB6DFDD0-D46A-4A5C-A7E2-9EDE0C799ED7}.Debug|Any CPU.ActiveCfg = Debug|Any CPU
		{AB6DFDD0-D46A-4A5C-A7E2-9EDE0C799ED7}.Debug|Any CPU.Build.0 = Debug|Any CPU
		{AB6DFDD0-D46A-4A5C-A7E2-9EDE0C799ED7}.Release|Any CPU.ActiveCfg = Release|Any CPU
		{AB6DFDD0-D46A-4A5C-A7E2-9EDE0C799ED7}.Release|Any CPU.Build.0 = Release|Any CPU
		{2E007237-55C9-409C-82F6-AA83C5004F44}.Debug|Any CPU.ActiveCfg = Debug|Any CPU
		{2E007237-55C9-409C-82F6-AA83C5004F44}.Debug|Any CPU.Build.0 = Debug|Any CPU
		{2E007237-55C9-409C-82F6-AA83C5004F44}.Release|Any CPU.ActiveCfg = Release|Any CPU
		{2E007237-55C9-409C-82F6-AA83C5004F44}.Release|Any CPU.Build.0 = Release|Any CPU
		{67F36433-0F83-4E0E-827C-ADEF6EABB871}.Debug|Any CPU.ActiveCfg = Debug|Any CPU
		{67F36433-0F83-4E0E-827C-ADEF6EABB871}.Debug|Any CPU.Build.0 = Debug|Any CPU
		{67F36433-0F83-4E0E-827C-ADEF6EABB871}.Release|Any CPU.ActiveCfg = Release|Any CPU
		{67F36433-0F83-4E0E-827C-ADEF6EABB871}.Release|Any CPU.Build.0 = Release|Any CPU
		{61F3EFD3-1FB5-4885-A659-CB3F28CBEE91}.Debug|Any CPU.ActiveCfg = Debug|Any CPU
		{61F3EFD3-1FB5-4885-A659-CB3F28CBEE91}.Debug|Any CPU.Build.0 = Debug|Any CPU
		{61F3EFD3-1FB5-4885-A659-CB3F28CBEE91}.Release|Any CPU.ActiveCfg = Release|Any CPU
		{61F3EFD3-1FB5-4885-A659-CB3F28CBEE91}.Release|Any CPU.Build.0 = Release|Any CPU
		{F0EF9DB0-7F5C-488B-BD9D-9C5F2D796162}.Debug|Any CPU.ActiveCfg = Debug|Any CPU
		{F0EF9DB0-7F5C-488B-BD9D-9C5F2D796162}.Debug|Any CPU.Build.0 = Debug|Any CPU
		{F0EF9DB0-7F5C-488B-BD9D-9C5F2D796162}.Release|Any CPU.ActiveCfg = Release|Any CPU
		{F0EF9DB0-7F5C-488B-BD9D-9C5F2D796162}.Release|Any CPU.Build.0 = Release|Any CPU
		{E255B78D-BB2F-420F-B3C9-A678D09A78A3}.Debug|Any CPU.ActiveCfg = Debug|Any CPU
		{E255B78D-BB2F-420F-B3C9-A678D09A78A3}.Debug|Any CPU.Build.0 = Debug|Any CPU
		{E255B78D-BB2F-420F-B3C9-A678D09A78A3}.Release|Any CPU.ActiveCfg = Release|Any CPU
		{E255B78D-BB2F-420F-B3C9-A678D09A78A3}.Release|Any CPU.Build.0 = Release|Any CPU
		{AAC2BE75-96B7-45D9-828E-E9065200EF58}.Debug|Any CPU.ActiveCfg = Debug|Any CPU
		{AAC2BE75-96B7-45D9-828E-E9065200EF58}.Debug|Any CPU.Build.0 = Debug|Any CPU
		{AAC2BE75-96B7-45D9-828E-E9065200EF58}.Release|Any CPU.ActiveCfg = Release|Any CPU
		{AAC2BE75-96B7-45D9-828E-E9065200EF58}.Release|Any CPU.Build.0 = Release|Any CPU
		{0E43954F-7780-413F-8CD3-40825E80D0BE}.Debug|Any CPU.ActiveCfg = Debug|Any CPU
		{0E43954F-7780-413F-8CD3-40825E80D0BE}.Debug|Any CPU.Build.0 = Debug|Any CPU
		{0E43954F-7780-413F-8CD3-40825E80D0BE}.Release|Any CPU.ActiveCfg = Release|Any CPU
		{0E43954F-7780-413F-8CD3-40825E80D0BE}.Release|Any CPU.Build.0 = Release|Any CPU
		{FE80AA6B-A564-491E-BF29-9F933439ED99}.Debug|Any CPU.ActiveCfg = Debug|Any CPU
		{FE80AA6B-A564-491E-BF29-9F933439ED99}.Debug|Any CPU.Build.0 = Debug|Any CPU
		{FE80AA6B-A564-491E-BF29-9F933439ED99}.Release|Any CPU.ActiveCfg = Release|Any CPU
		{FE80AA6B-A564-491E-BF29-9F933439ED99}.Release|Any CPU.Build.0 = Release|Any CPU
		{D5C2C97F-8724-4188-948A-F7E76540A2EC}.Debug|Any CPU.ActiveCfg = Debug|Any CPU
		{D5C2C97F-8724-4188-948A-F7E76540A2EC}.Debug|Any CPU.Build.0 = Debug|Any CPU
		{D5C2C97F-8724-4188-948A-F7E76540A2EC}.Release|Any CPU.ActiveCfg = Release|Any CPU
		{D5C2C97F-8724-4188-948A-F7E76540A2EC}.Release|Any CPU.Build.0 = Release|Any CPU
		{C49357FB-F1E4-402F-84A5-F8170570D93F}.Debug|Any CPU.ActiveCfg = Debug|Any CPU
		{C49357FB-F1E4-402F-84A5-F8170570D93F}.Debug|Any CPU.Build.0 = Debug|Any CPU
		{C49357FB-F1E4-402F-84A5-F8170570D93F}.Release|Any CPU.ActiveCfg = Release|Any CPU
		{C49357FB-F1E4-402F-84A5-F8170570D93F}.Release|Any CPU.Build.0 = Release|Any CPU
		{96396117-CD0F-44D6-BED6-1671AD252F3A}.Debug|Any CPU.ActiveCfg = Debug|Any CPU
		{96396117-CD0F-44D6-BED6-1671AD252F3A}.Debug|Any CPU.Build.0 = Debug|Any CPU
		{96396117-CD0F-44D6-BED6-1671AD252F3A}.Release|Any CPU.ActiveCfg = Release|Any CPU
		{96396117-CD0F-44D6-BED6-1671AD252F3A}.Release|Any CPU.Build.0 = Release|Any CPU
		{BA0719CF-2A23-4658-8AF9-DACADD344D7E}.Debug|Any CPU.ActiveCfg = Debug|Any CPU
		{BA0719CF-2A23-4658-8AF9-DACADD344D7E}.Debug|Any CPU.Build.0 = Debug|Any CPU
		{BA0719CF-2A23-4658-8AF9-DACADD344D7E}.Release|Any CPU.ActiveCfg = Release|Any CPU
		{BA0719CF-2A23-4658-8AF9-DACADD344D7E}.Release|Any CPU.Build.0 = Release|Any CPU
		{BD98EA90-6733-478F-B7E8-7474BDE280DF}.Debug|Any CPU.ActiveCfg = Debug|Any CPU
		{BD98EA90-6733-478F-B7E8-7474BDE280DF}.Debug|Any CPU.Build.0 = Debug|Any CPU
		{BD98EA90-6733-478F-B7E8-7474BDE280DF}.Release|Any CPU.ActiveCfg = Release|Any CPU
		{BD98EA90-6733-478F-B7E8-7474BDE280DF}.Release|Any CPU.Build.0 = Release|Any CPU
		{2E2D9423-E92F-4A50-BF08-DC74CB60C4D7}.Debug|Any CPU.ActiveCfg = Debug|Any CPU
		{2E2D9423-E92F-4A50-BF08-DC74CB60C4D7}.Debug|Any CPU.Build.0 = Debug|Any CPU
		{2E2D9423-E92F-4A50-BF08-DC74CB60C4D7}.Release|Any CPU.ActiveCfg = Release|Any CPU
		{2E2D9423-E92F-4A50-BF08-DC74CB60C4D7}.Release|Any CPU.Build.0 = Release|Any CPU
		{FDCA3E0D-B99F-40D0-A9BC-69178616EA00}.Debug|Any CPU.ActiveCfg = Debug|Any CPU
		{FDCA3E0D-B99F-40D0-A9BC-69178616EA00}.Debug|Any CPU.Build.0 = Debug|Any CPU
		{FDCA3E0D-B99F-40D0-A9BC-69178616EA00}.Release|Any CPU.ActiveCfg = Release|Any CPU
		{FDCA3E0D-B99F-40D0-A9BC-69178616EA00}.Release|Any CPU.Build.0 = Release|Any CPU
		{D5752DF6-F49B-481A-A1E9-BAB431650E16}.Debug|Any CPU.ActiveCfg = Debug|Any CPU
		{D5752DF6-F49B-481A-A1E9-BAB431650E16}.Debug|Any CPU.Build.0 = Debug|Any CPU
		{D5752DF6-F49B-481A-A1E9-BAB431650E16}.Release|Any CPU.ActiveCfg = Release|Any CPU
		{D5752DF6-F49B-481A-A1E9-BAB431650E16}.Release|Any CPU.Build.0 = Release|Any CPU
		{1042091D-0BAE-4A14-90D8-2D2E3AF21CB1}.Debug|Any CPU.ActiveCfg = Debug|Any CPU
		{1042091D-0BAE-4A14-90D8-2D2E3AF21CB1}.Debug|Any CPU.Build.0 = Debug|Any CPU
		{1042091D-0BAE-4A14-90D8-2D2E3AF21CB1}.Release|Any CPU.ActiveCfg = Release|Any CPU
		{1042091D-0BAE-4A14-90D8-2D2E3AF21CB1}.Release|Any CPU.Build.0 = Release|Any CPU
		{2820FA91-91F9-473F-B69E-3F2BA40DABAF}.Debug|Any CPU.ActiveCfg = Debug|Any CPU
		{2820FA91-91F9-473F-B69E-3F2BA40DABAF}.Debug|Any CPU.Build.0 = Debug|Any CPU
		{2820FA91-91F9-473F-B69E-3F2BA40DABAF}.Release|Any CPU.ActiveCfg = Release|Any CPU
		{2820FA91-91F9-473F-B69E-3F2BA40DABAF}.Release|Any CPU.Build.0 = Release|Any CPU
		{ACAC6F7B-EFDF-48DB-AE9E-619F8C66FE35}.Debug|Any CPU.ActiveCfg = Debug|Any CPU
		{ACAC6F7B-EFDF-48DB-AE9E-619F8C66FE35}.Debug|Any CPU.Build.0 = Debug|Any CPU
		{ACAC6F7B-EFDF-48DB-AE9E-619F8C66FE35}.Release|Any CPU.ActiveCfg = Release|Any CPU
		{ACAC6F7B-EFDF-48DB-AE9E-619F8C66FE35}.Release|Any CPU.Build.0 = Release|Any CPU
		{2EDEE236-0205-4DDC-81BC-39B4ABB97CEE}.Debug|Any CPU.ActiveCfg = Debug|Any CPU
		{2EDEE236-0205-4DDC-81BC-39B4ABB97CEE}.Debug|Any CPU.Build.0 = Debug|Any CPU
		{2EDEE236-0205-4DDC-81BC-39B4ABB97CEE}.Release|Any CPU.ActiveCfg = Release|Any CPU
		{2EDEE236-0205-4DDC-81BC-39B4ABB97CEE}.Release|Any CPU.Build.0 = Release|Any CPU
		{FFED1D6F-8C23-4499-B252-825AF0296D88}.Debug|Any CPU.ActiveCfg = Debug|Any CPU
		{FFED1D6F-8C23-4499-B252-825AF0296D88}.Debug|Any CPU.Build.0 = Debug|Any CPU
		{FFED1D6F-8C23-4499-B252-825AF0296D88}.Release|Any CPU.ActiveCfg = Release|Any CPU
		{FFED1D6F-8C23-4499-B252-825AF0296D88}.Release|Any CPU.Build.0 = Release|Any CPU
		{7EE53EC9-03C3-46E7-8A78-95BCBDDE894E}.Debug|Any CPU.ActiveCfg = Debug|Any CPU
		{7EE53EC9-03C3-46E7-8A78-95BCBDDE894E}.Debug|Any CPU.Build.0 = Debug|Any CPU
		{7EE53EC9-03C3-46E7-8A78-95BCBDDE894E}.Release|Any CPU.ActiveCfg = Release|Any CPU
		{7EE53EC9-03C3-46E7-8A78-95BCBDDE894E}.Release|Any CPU.Build.0 = Release|Any CPU
		{54CB2BD4-CF3B-4D4F-9EFE-58366341F7E6}.Debug|Any CPU.ActiveCfg = Debug|Any CPU
		{54CB2BD4-CF3B-4D4F-9EFE-58366341F7E6}.Debug|Any CPU.Build.0 = Debug|Any CPU
		{54CB2BD4-CF3B-4D4F-9EFE-58366341F7E6}.Release|Any CPU.ActiveCfg = Release|Any CPU
		{54CB2BD4-CF3B-4D4F-9EFE-58366341F7E6}.Release|Any CPU.Build.0 = Release|Any CPU
	EndGlobalSection
	GlobalSection(SolutionProperties) = preSolution
		HideSolutionNode = FALSE
	EndGlobalSection
	GlobalSection(NestedProjects) = preSolution
		{BA0719CF-2A23-4658-8AF9-DACADD344D7E} = {5E8778E3-FA59-46C9-B792-4AA3F2A26E6D}
		{BD98EA90-6733-478F-B7E8-7474BDE280DF} = {5E8778E3-FA59-46C9-B792-4AA3F2A26E6D}
		{2E2D9423-E92F-4A50-BF08-DC74CB60C4D7} = {5E8778E3-FA59-46C9-B792-4AA3F2A26E6D}
		{FDCA3E0D-B99F-40D0-A9BC-69178616EA00} = {5E8778E3-FA59-46C9-B792-4AA3F2A26E6D}
		{D5752DF6-F49B-481A-A1E9-BAB431650E16} = {AB99D21E-964B-49F6-812F-007E02FFD213}
		{1042091D-0BAE-4A14-90D8-2D2E3AF21CB1} = {AB99D21E-964B-49F6-812F-007E02FFD213}
		{2820FA91-91F9-473F-B69E-3F2BA40DABAF} = {B3729CD2-56BF-470A-8A6B-7877516215C1}
		{ACAC6F7B-EFDF-48DB-AE9E-619F8C66FE35} = {B3729CD2-56BF-470A-8A6B-7877516215C1}
		{2EDEE236-0205-4DDC-81BC-39B4ABB97CEE} = {B9CCBEEE-02D4-495B-BF6D-9B624C38A162}
		{FFED1D6F-8C23-4499-B252-825AF0296D88} = {B3729CD2-56BF-470A-8A6B-7877516215C1}
		{7EE53EC9-03C3-46E7-8A78-95BCBDDE894E} = {B3729CD2-56BF-470A-8A6B-7877516215C1}
		{54CB2BD4-CF3B-4D4F-9EFE-58366341F7E6} = {B3729CD2-56BF-470A-8A6B-7877516215C1}
	EndGlobalSection
	GlobalSection(ExtensibilityGlobals) = postSolution
		SolutionGuid = {369B58BC-975B-42DA-B6A9-CE25F30979EB}
	EndGlobalSection
EndGlobal
