
Microsoft Visual Studio Solution File, Format Version 12.00
# Visual Studio Version 16
VisualStudioVersion = 16.0.29613.14
MinimumVisualStudioVersion = 10.0.40219.1
Project("{9A19103F-16F7-4668-BE54-9A1E7A4F7556}") = "ManyMethods", "ManyMethods\ManyMethods.csproj", "{693B117F-2536-4923-A924-CC2DF8632260}"
EndProject
Project("{9A19103F-16F7-4668-BE54-9A1E7A4F7556}") = "PigLatin", "PigLatin\PigLatin.csproj", "{2A05B1E1-FF05-4962-A271-5F342199D52F}"
EndProject
Project("{9A19103F-16F7-4668-BE54-9A1E7A4F7556}") = "RockPaperScissors", "RockPaperScissors\RockPaperScissors.csproj", "{C5E283B8-B6C5-4884-B97B-5A0CD3CA8FCA}"
EndProject
Project("{9A19103F-16F7-4668-BE54-9A1E7A4F7556}") = "ticTacToe", "ticTacToe\ticTacToe.csproj", "{AB336B30-F75C-41F6-A6DA-BA4EAB51CE44}"
EndProject
Project("{9A19103F-16F7-4668-BE54-9A1E7A4F7556}") = "FizzBuzz", "FizzBuzz\FizzBuzz.csproj", "{AB6DFDD0-D46A-4A5C-A7E2-9EDE0C799ED7}"
EndProject
Project("{9A19103F-16F7-4668-BE54-9A1E7A4F7556}") = "Denominations", "Denominations\Denominations.csproj", "{2E007237-55C9-409C-82F6-AA83C5004F44}"
EndProject
Project("{9A19103F-16F7-4668-BE54-9A1E7A4F7556}") = "MasterMind", "MasterMind\MasterMind.csproj", "{67F36433-0F83-4E0E-827C-ADEF6EABB871}"
EndProject
Project("{9A19103F-16F7-4668-BE54-9A1E7A4F7556}") = "scratchpad", "scratchpad\scratchpad.csproj", "{61F3EFD3-1FB5-4885-A659-CB3F28CBEE91}"
EndProject
Project("{9A19103F-16F7-4668-BE54-9A1E7A4F7556}") = "UniqueCharacters", "UniqueCharacters\UniqueCharacters.csproj", "{F0EF9DB0-7F5C-488B-BD9D-9C5F2D796162}"
EndProject
Project("{FAE04EC0-301F-11D3-BF4B-00C04F79EFBC}") = "LongestWord", "LongestWord\LongestWord.csproj", "{E255B78D-BB2F-420F-B3C9-A678D09A78A3}"
EndProject
Project("{FAE04EC0-301F-11D3-BF4B-00C04F79EFBC}") = "Gradebook", "Gradebook\Gradebook.csproj", "{AAC2BE75-96B7-45D9-828E-E9065200EF58}"
EndProject
Global
	GlobalSection(SolutionConfigurationPlatforms) = preSolution
		Debug|Any CPU = Debug|Any CPU
		Release|Any CPU = Release|Any CPU
	EndGlobalSection
	GlobalSection(ProjectConfigurationPlatforms) = postSolution
		{693B117F-2536-4923-A924-CC2DF8632260}.Debug|Any CPU.ActiveCfg = Debug|Any CPU
		{693B117F-2536-4923-A924-CC2DF8632260}.Debug|Any CPU.Build.0 = Debug|Any CPU
		{693B117F-2536-4923-A924-CC2DF8632260}.Release|Any CPU.ActiveCfg = Release|Any CPU
		{693B117F-2536-4923-A924-CC2DF8632260}.Release|Any CPU.Build.0 = Release|Any CPU
		{2A05B1E1-FF05-4962-A271-5F342199D52F}.Debug|Any CPU.ActiveCfg = Debug|Any CPU
		{2A05B1E1-FF05-4962-A271-5F342199D52F}.Debug|Any CPU.Build.0 = Debug|Any CPU
		{2A05B1E1-FF05-4962-A271-5F342199D52F}.Release|Any CPU.ActiveCfg = Release|Any CPU
		{2A05B1E1-FF05-4962-A271-5F342199D52F}.Release|Any CPU.Build.0 = Release|Any CPU
		{C5E283B8-B6C5-4884-B97B-5A0CD3CA8FCA}.Debug|Any CPU.ActiveCfg = Debug|Any CPU
		{C5E283B8-B6C5-4884-B97B-5A0CD3CA8FCA}.Debug|Any CPU.Build.0 = Debug|Any CPU
		{C5E283B8-B6C5-4884-B97B-5A0CD3CA8FCA}.Release|Any CPU.ActiveCfg = Release|Any CPU
		{C5E283B8-B6C5-4884-B97B-5A0CD3CA8FCA}.Release|Any CPU.Build.0 = Release|Any CPU
		{AB336B30-F75C-41F6-A6DA-BA4EAB51CE44}.Debug|Any CPU.ActiveCfg = Debug|Any CPU
		{AB336B30-F75C-41F6-A6DA-BA4EAB51CE44}.Debug|Any CPU.Build.0 = Debug|Any CPU
		{AB336B30-F75C-41F6-A6DA-BA4EAB51CE44}.Release|Any CPU.ActiveCfg = Release|Any CPU
		{AB336B30-F75C-41F6-A6DA-BA4EAB51CE44}.Release|Any CPU.Build.0 = Release|Any CPU
		{AB6DFDD0-D46A-4A5C-A7E2-9EDE0C799ED7}.Debug|Any CPU.ActiveCfg = Debug|Any CPU
		{AB6DFDD0-D46A-4A5C-A7E2-9EDE0C799ED7}.Debug|Any CPU.Build.0 = Debug|Any CPU
		{AB6DFDD0-D46A-4A5C-A7E2-9EDE0C799ED7}.Release|Any CPU.ActiveCfg = Release|Any CPU
		{AB6DFDD0-D46A-4A5C-A7E2-9EDE0C799ED7}.Release|Any CPU.Build.0 = Release|Any CPU
		{2E007237-55C9-409C-82F6-AA83C5004F44}.Debug|Any CPU.ActiveCfg = Debug|Any CPU
		{2E007237-55C9-409C-82F6-AA83C5004F44}.Debug|Any CPU.Build.0 = Debug|Any CPU
		{2E007237-55C9-409C-82F6-AA83C5004F44}.Release|Any CPU.ActiveCfg = Release|Any CPU
		{2E007237-55C9-409C-82F6-AA83C5004F44}.Release|Any CPU.Build.0 = Release|Any CPU
		{67F36433-0F83-4E0E-827C-ADEF6EABB871}.Debug|Any CPU.ActiveCfg = Debug|Any CPU
		{67F36433-0F83-4E0E-827C-ADEF6EABB871}.Debug|Any CPU.Build.0 = Debug|Any CPU
		{67F36433-0F83-4E0E-827C-ADEF6EABB871}.Release|Any CPU.ActiveCfg = Release|Any CPU
		{67F36433-0F83-4E0E-827C-ADEF6EABB871}.Release|Any CPU.Build.0 = Release|Any CPU
		{61F3EFD3-1FB5-4885-A659-CB3F28CBEE91}.Debug|Any CPU.ActiveCfg = Debug|Any CPU
		{61F3EFD3-1FB5-4885-A659-CB3F28CBEE91}.Debug|Any CPU.Build.0 = Debug|Any CPU
		{61F3EFD3-1FB5-4885-A659-CB3F28CBEE91}.Release|Any CPU.ActiveCfg = Release|Any CPU
		{61F3EFD3-1FB5-4885-A659-CB3F28CBEE91}.Release|Any CPU.Build.0 = Release|Any CPU
		{F0EF9DB0-7F5C-488B-BD9D-9C5F2D796162}.Debug|Any CPU.ActiveCfg = Debug|Any CPU
		{F0EF9DB0-7F5C-488B-BD9D-9C5F2D796162}.Debug|Any CPU.Build.0 = Debug|Any CPU
		{F0EF9DB0-7F5C-488B-BD9D-9C5F2D796162}.Release|Any CPU.ActiveCfg = Release|Any CPU
		{F0EF9DB0-7F5C-488B-BD9D-9C5F2D796162}.Release|Any CPU.Build.0 = Release|Any CPU
		{E255B78D-BB2F-420F-B3C9-A678D09A78A3}.Debug|Any CPU.ActiveCfg = Debug|Any CPU
		{E255B78D-BB2F-420F-B3C9-A678D09A78A3}.Debug|Any CPU.Build.0 = Debug|Any CPU
		{E255B78D-BB2F-420F-B3C9-A678D09A78A3}.Release|Any CPU.ActiveCfg = Release|Any CPU
		{E255B78D-BB2F-420F-B3C9-A678D09A78A3}.Release|Any CPU.Build.0 = Release|Any CPU
		{AAC2BE75-96B7-45D9-828E-E9065200EF58}.Debug|Any CPU.ActiveCfg = Debug|Any CPU
		{AAC2BE75-96B7-45D9-828E-E9065200EF58}.Debug|Any CPU.Build.0 = Debug|Any CPU
		{AAC2BE75-96B7-45D9-828E-E9065200EF58}.Release|Any CPU.ActiveCfg = Release|Any CPU
		{AAC2BE75-96B7-45D9-828E-E9065200EF58}.Release|Any CPU.Build.0 = Release|Any CPU
	EndGlobalSection
	GlobalSection(SolutionProperties) = preSolution
		HideSolutionNode = FALSE
	EndGlobalSection
	GlobalSection(ExtensibilityGlobals) = postSolution
		SolutionGuid = {369B58BC-975B-42DA-B6A9-CE25F30979EB}
	EndGlobalSection
EndGlobal
